// !$*UTF8*$!
{
	archiveVersion = 1;
	classes = {
	};
	objectVersion = 46;
	objects = {

/* Begin PBXBuildFile section */
		5EC441E71E233AF60029EE15 /* LJChangeMobileViewController.m in Sources */ = {isa = PBXBuildFile; fileRef = 5EC441E61E233AF60029EE15 /* LJChangeMobileViewController.m */; };
		5EC441EA1E2370140029EE15 /* LJGetVerifyViewController.m in Sources */ = {isa = PBXBuildFile; fileRef = 5EC441E91E2370140029EE15 /* LJGetVerifyViewController.m */; };
		5EC441EE1E2380AD0029EE15 /* libUMessage_Sdk_1.4.0.a in Frameworks */ = {isa = PBXBuildFile; fileRef = 5EC441EC1E2380AD0029EE15 /* libUMessage_Sdk_1.4.0.a */; };
		5EC441F01E2381520029EE15 /* UserNotifications.framework in Frameworks */ = {isa = PBXBuildFile; fileRef = 5EC441EF1E2381520029EE15 /* UserNotifications.framework */; };
		5EC441F51E239F5F0029EE15 /* Assets.xcassets in Resources */ = {isa = PBXBuildFile; fileRef = 5EC441F41E239F5F0029EE15 /* Assets.xcassets */; };
		5EC441F81E23D7190029EE15 /* LJChangeNameViewController.m in Sources */ = {isa = PBXBuildFile; fileRef = 5EC441F71E23D7190029EE15 /* LJChangeNameViewController.m */; };
		5EC441FB1E23E76F0029EE15 /* LJInfo2TableViewCell.m in Sources */ = {isa = PBXBuildFile; fileRef = 5EC441FA1E23E76F0029EE15 /* LJInfo2TableViewCell.m */; };
		5EC441FE1E2668340029EE15 /* LJLaunchViewController.m in Sources */ = {isa = PBXBuildFile; fileRef = 5EC441FD1E2668340029EE15 /* LJLaunchViewController.m */; };
		5ECCD70A1E1E8F6900F19136 /* JKEncrypt.m in Sources */ = {isa = PBXBuildFile; fileRef = 5ECCD7091E1E8F6900F19136 /* JKEncrypt.m */; };
		5ECCD70D1E1E923300F19136 /* NSString+MD5.m in Sources */ = {isa = PBXBuildFile; fileRef = 5ECCD70C1E1E923300F19136 /* NSString+MD5.m */; };
		5ECCD7101E1E9F1400F19136 /* NetWorkTool.m in Sources */ = {isa = PBXBuildFile; fileRef = 5ECCD70F1E1E9F1400F19136 /* NetWorkTool.m */; };
		5ECCD7161E1E9F4D00F19136 /* GTMBase64.m in Sources */ = {isa = PBXBuildFile; fileRef = 5ECCD7121E1E9F4D00F19136 /* GTMBase64.m */; settings = {COMPILER_FLAGS = "-fno-objc-arc"; }; };
		5ECCD7171E1E9F4D00F19136 /* SMEncryptTool.m in Sources */ = {isa = PBXBuildFile; fileRef = 5ECCD7151E1E9F4D00F19136 /* SMEncryptTool.m */; };
		7108FA4C1E25D61800010396 /* libWeChatSDK.a in Frameworks */ = {isa = PBXBuildFile; fileRef = 7108FA471E25D61800010396 /* libWeChatSDK.a */; };
		7108FA4D1E25D61800010396 /* README.txt in Resources */ = {isa = PBXBuildFile; fileRef = 7108FA481E25D61800010396 /* README.txt */; };
		7108FA4F1E25D68A00010396 /* SystemConfiguration.framework in Frameworks */ = {isa = PBXBuildFile; fileRef = 7108FA4E1E25D68A00010396 /* SystemConfiguration.framework */; };
		7108FA511E25D69E00010396 /* libz.tbd in Frameworks */ = {isa = PBXBuildFile; fileRef = 7108FA501E25D69E00010396 /* libz.tbd */; };
		7108FA531E25D6AD00010396 /* libsqlite3.0.tbd in Frameworks */ = {isa = PBXBuildFile; fileRef = 7108FA521E25D6AD00010396 /* libsqlite3.0.tbd */; };
		7108FA551E25D6C000010396 /* libc++.tbd in Frameworks */ = {isa = PBXBuildFile; fileRef = 7108FA541E25D6C000010396 /* libc++.tbd */; };
		7108FA571E25D6CB00010396 /* Security.framework in Frameworks */ = {isa = PBXBuildFile; fileRef = 7108FA561E25D6CB00010396 /* Security.framework */; };
		7108FA591E25D6D600010396 /* CoreTelephony.framework in Frameworks */ = {isa = PBXBuildFile; fileRef = 7108FA581E25D6D600010396 /* CoreTelephony.framework */; };
		7108FA5B1E25D6E000010396 /* CFNetwork.framework in Frameworks */ = {isa = PBXBuildFile; fileRef = 7108FA5A1E25D6E000010396 /* CFNetwork.framework */; };
		7108FA5D1E2614BE00010396 /* CoreGraphics.framework in Frameworks */ = {isa = PBXBuildFile; fileRef = 7108FA5C1E2614BE00010396 /* CoreGraphics.framework */; };
		7108FA5F1E26150100010396 /* libiconv.tbd in Frameworks */ = {isa = PBXBuildFile; fileRef = 7108FA5E1E26150100010396 /* libiconv.tbd */; };
		7108FA631E2615DD00010396 /* TencentOpenAPI.framework in Frameworks */ = {isa = PBXBuildFile; fileRef = 7108FA611E2615DD00010396 /* TencentOpenAPI.framework */; };
		7108FA641E2615DD00010396 /* TencentOpenApi_IOS_Bundle.bundle in Resources */ = {isa = PBXBuildFile; fileRef = 7108FA621E2615DD00010396 /* TencentOpenApi_IOS_Bundle.bundle */; };
		7122D73B1E1E44810052F6D9 /* LJInfoListApi.m in Sources */ = {isa = PBXBuildFile; fileRef = 7122D73A1E1E44810052F6D9 /* LJInfoListApi.m */; };
		7122D73E1E1E49690052F6D9 /* LJInfoListViewController.m in Sources */ = {isa = PBXBuildFile; fileRef = 7122D73D1E1E49690052F6D9 /* LJInfoListViewController.m */; };
		713DE4C11E1CDEA600ACAED0 /* main.m in Sources */ = {isa = PBXBuildFile; fileRef = 713DE4C01E1CDEA600ACAED0 /* main.m */; };
		713DE4C41E1CDEA600ACAED0 /* AppDelegate.m in Sources */ = {isa = PBXBuildFile; fileRef = 713DE4C31E1CDEA600ACAED0 /* AppDelegate.m */; };
		713DE4C71E1CDEA600ACAED0 /* ViewController.m in Sources */ = {isa = PBXBuildFile; fileRef = 713DE4C61E1CDEA600ACAED0 /* ViewController.m */; };
		713DE4CA1E1CDEA600ACAED0 /* Main.storyboard in Resources */ = {isa = PBXBuildFile; fileRef = 713DE4C81E1CDEA600ACAED0 /* Main.storyboard */; };
		713DE4CF1E1CDEA600ACAED0 /* LaunchScreen.storyboard in Resources */ = {isa = PBXBuildFile; fileRef = 713DE4CD1E1CDEA600ACAED0 /* LaunchScreen.storyboard */; };
		715571831E1F288300F4746B /* SvUDIDTools.m in Sources */ = {isa = PBXBuildFile; fileRef = 715571821E1F288300F4746B /* SvUDIDTools.m */; settings = {COMPILER_FLAGS = "-fno-objc-arc"; }; };
		7155718D1E1F356700F4746B /* SMUserModel.m in Sources */ = {isa = PBXBuildFile; fileRef = 7155718A1E1F356700F4746B /* SMUserModel.m */; };
		7162F1121E1F932900071EF4 /* LJNavigationController.m in Sources */ = {isa = PBXBuildFile; fileRef = 7162F1111E1F932900071EF4 /* LJNavigationController.m */; };
		7162F1151E1F943000071EF4 /* LJLoginViewController.m in Sources */ = {isa = PBXBuildFile; fileRef = 7162F1141E1F943000071EF4 /* LJLoginViewController.m */; };
		717799611E208EC2002A93BC /* LJMenuView.m in Sources */ = {isa = PBXBuildFile; fileRef = 717799601E208EC2002A93BC /* LJMenuView.m */; };
		717799641E208FF8002A93BC /* UIViewExt.m in Sources */ = {isa = PBXBuildFile; fileRef = 717799631E208FF8002A93BC /* UIViewExt.m */; };
		717799671E20BC32002A93BC /* LJPersonInfoViewController.m in Sources */ = {isa = PBXBuildFile; fileRef = 717799661E20BC32002A93BC /* LJPersonInfoViewController.m */; };
		7177996B1E21E2E0002A93BC /* LJRegisterViewController1.m in Sources */ = {isa = PBXBuildFile; fileRef = 7177996A1E21E2E0002A93BC /* LJRegisterViewController1.m */; };
		7177996E1E21E2EB002A93BC /* LJRegisterViewController2.m in Sources */ = {isa = PBXBuildFile; fileRef = 7177996D1E21E2EB002A93BC /* LJRegisterViewController2.m */; };
		717799711E2228E3002A93BC /* LJSettViewController.m in Sources */ = {isa = PBXBuildFile; fileRef = 717799701E2228E3002A93BC /* LJSettViewController.m */; };
		717799741E222C1D002A93BC /* LJChangePasswordViewController.m in Sources */ = {isa = PBXBuildFile; fileRef = 717799731E222C1D002A93BC /* LJChangePasswordViewController.m */; };
		717799771E223A36002A93BC /* LJConnectUsViewController.m in Sources */ = {isa = PBXBuildFile; fileRef = 717799761E223A36002A93BC /* LJConnectUsViewController.m */; };
		7177997A1E224032002A93BC /* LJForggetPasswordViewController.m in Sources */ = {isa = PBXBuildFile; fileRef = 717799791E224032002A93BC /* LJForggetPasswordViewController.m */; };
		7177997D1E224043002A93BC /* LJForgetPasswordViewController2.m in Sources */ = {isa = PBXBuildFile; fileRef = 7177997C1E224043002A93BC /* LJForgetPasswordViewController2.m */; };
		717799801E22429E002A93BC /* LJInfoDetailViewController.m in Sources */ = {isa = PBXBuildFile; fileRef = 7177997F1E22429E002A93BC /* LJInfoDetailViewController.m */; };
		717799841E225C30002A93BC /* MBProgressHUD+LJToast.m in Sources */ = {isa = PBXBuildFile; fileRef = 717799831E225C30002A93BC /* MBProgressHUD+LJToast.m */; };
		717799871E226834002A93BC /* LJInfoTableViewCell.m in Sources */ = {isa = PBXBuildFile; fileRef = 717799861E226834002A93BC /* LJInfoTableViewCell.m */; };
		7177998A1E228FC8002A93BC /* LJBaseViewController.m in Sources */ = {isa = PBXBuildFile; fileRef = 717799891E228FC8002A93BC /* LJBaseViewController.m */; };
		717799931E25169F002A93BC /* LJInfoListViewController2.m in Sources */ = {isa = PBXBuildFile; fileRef = 717799921E25169F002A93BC /* LJInfoListViewController2.m */; };
		717799961E251805002A93BC /* LJPageViewController.m in Sources */ = {isa = PBXBuildFile; fileRef = 717799951E251805002A93BC /* LJPageViewController.m */; };
		D1A1C45E0D139F892EC6434E /* libPods-SwordClient.a in Frameworks */ = {isa = PBXBuildFile; fileRef = 9A9BB6492ECFBBF362693925 /* libPods-SwordClient.a */; };
/* End PBXBuildFile section */

/* Begin PBXFileReference section */
		4A243E3F48EF0F6755273BC1 /* Pods-SwordClient.release.xcconfig */ = {isa = PBXFileReference; includeInIndex = 1; lastKnownFileType = text.xcconfig; name = "Pods-SwordClient.release.xcconfig"; path = "Pods/Target Support Files/Pods-SwordClient/Pods-SwordClient.release.xcconfig"; sourceTree = "<group>"; };
		5EC441E51E233AF60029EE15 /* LJChangeMobileViewController.h */ = {isa = PBXFileReference; fileEncoding = 4; lastKnownFileType = sourcecode.c.h; path = LJChangeMobileViewController.h; sourceTree = "<group>"; };
		5EC441E61E233AF60029EE15 /* LJChangeMobileViewController.m */ = {isa = PBXFileReference; fileEncoding = 4; lastKnownFileType = sourcecode.c.objc; path = LJChangeMobileViewController.m; sourceTree = "<group>"; };
		5EC441E81E2370140029EE15 /* LJGetVerifyViewController.h */ = {isa = PBXFileReference; fileEncoding = 4; lastKnownFileType = sourcecode.c.h; path = LJGetVerifyViewController.h; sourceTree = "<group>"; };
		5EC441E91E2370140029EE15 /* LJGetVerifyViewController.m */ = {isa = PBXFileReference; fileEncoding = 4; lastKnownFileType = sourcecode.c.objc; path = LJGetVerifyViewController.m; sourceTree = "<group>"; };
		5EC441EC1E2380AD0029EE15 /* libUMessage_Sdk_1.4.0.a */ = {isa = PBXFileReference; lastKnownFileType = archive.ar; path = libUMessage_Sdk_1.4.0.a; sourceTree = "<group>"; };
		5EC441ED1E2380AD0029EE15 /* UMessage.h */ = {isa = PBXFileReference; fileEncoding = 4; lastKnownFileType = sourcecode.c.h; path = UMessage.h; sourceTree = "<group>"; };
		5EC441EF1E2381520029EE15 /* UserNotifications.framework */ = {isa = PBXFileReference; lastKnownFileType = wrapper.framework; name = UserNotifications.framework; path = System/Library/Frameworks/UserNotifications.framework; sourceTree = SDKROOT; };
		5EC441F11E2381670029EE15 /* SwordClient.entitlements */ = {isa = PBXFileReference; lastKnownFileType = text.plist.entitlements; path = SwordClient.entitlements; sourceTree = "<group>"; };
		5EC441F41E239F5F0029EE15 /* Assets.xcassets */ = {isa = PBXFileReference; lastKnownFileType = folder.assetcatalog; path = Assets.xcassets; sourceTree = "<group>"; };
		5EC441F61E23D7190029EE15 /* LJChangeNameViewController.h */ = {isa = PBXFileReference; fileEncoding = 4; lastKnownFileType = sourcecode.c.h; path = LJChangeNameViewController.h; sourceTree = "<group>"; };
		5EC441F71E23D7190029EE15 /* LJChangeNameViewController.m */ = {isa = PBXFileReference; fileEncoding = 4; lastKnownFileType = sourcecode.c.objc; path = LJChangeNameViewController.m; sourceTree = "<group>"; };
		5EC441F91E23E76F0029EE15 /* LJInfo2TableViewCell.h */ = {isa = PBXFileReference; fileEncoding = 4; lastKnownFileType = sourcecode.c.h; path = LJInfo2TableViewCell.h; sourceTree = "<group>"; };
		5EC441FA1E23E76F0029EE15 /* LJInfo2TableViewCell.m */ = {isa = PBXFileReference; fileEncoding = 4; lastKnownFileType = sourcecode.c.objc; path = LJInfo2TableViewCell.m; sourceTree = "<group>"; };
		5EC441FC1E2668340029EE15 /* LJLaunchViewController.h */ = {isa = PBXFileReference; fileEncoding = 4; lastKnownFileType = sourcecode.c.h; path = LJLaunchViewController.h; sourceTree = "<group>"; };
		5EC441FD1E2668340029EE15 /* LJLaunchViewController.m */ = {isa = PBXFileReference; fileEncoding = 4; lastKnownFileType = sourcecode.c.objc; path = LJLaunchViewController.m; sourceTree = "<group>"; };
		5ECCD7081E1E8F6900F19136 /* JKEncrypt.h */ = {isa = PBXFileReference; fileEncoding = 4; lastKnownFileType = sourcecode.c.h; path = JKEncrypt.h; sourceTree = "<group>"; };
		5ECCD7091E1E8F6900F19136 /* JKEncrypt.m */ = {isa = PBXFileReference; fileEncoding = 4; lastKnownFileType = sourcecode.c.objc; path = JKEncrypt.m; sourceTree = "<group>"; };
		5ECCD70B1E1E923300F19136 /* NSString+MD5.h */ = {isa = PBXFileReference; fileEncoding = 4; lastKnownFileType = sourcecode.c.h; path = "NSString+MD5.h"; sourceTree = "<group>"; };
		5ECCD70C1E1E923300F19136 /* NSString+MD5.m */ = {isa = PBXFileReference; fileEncoding = 4; lastKnownFileType = sourcecode.c.objc; path = "NSString+MD5.m"; sourceTree = "<group>"; };
		5ECCD70E1E1E9F1400F19136 /* NetWorkTool.h */ = {isa = PBXFileReference; fileEncoding = 4; lastKnownFileType = sourcecode.c.h; path = NetWorkTool.h; sourceTree = "<group>"; };
		5ECCD70F1E1E9F1400F19136 /* NetWorkTool.m */ = {isa = PBXFileReference; fileEncoding = 4; lastKnownFileType = sourcecode.c.objc; path = NetWorkTool.m; sourceTree = "<group>"; };
		5ECCD7111E1E9F4D00F19136 /* GTMBase64.h */ = {isa = PBXFileReference; fileEncoding = 4; lastKnownFileType = sourcecode.c.h; path = GTMBase64.h; sourceTree = "<group>"; };
		5ECCD7121E1E9F4D00F19136 /* GTMBase64.m */ = {isa = PBXFileReference; fileEncoding = 4; lastKnownFileType = sourcecode.c.objc; path = GTMBase64.m; sourceTree = "<group>"; };
		5ECCD7131E1E9F4D00F19136 /* GTMDefines.h */ = {isa = PBXFileReference; fileEncoding = 4; lastKnownFileType = sourcecode.c.h; path = GTMDefines.h; sourceTree = "<group>"; };
		5ECCD7141E1E9F4D00F19136 /* SMEncryptTool.h */ = {isa = PBXFileReference; fileEncoding = 4; lastKnownFileType = sourcecode.c.h; path = SMEncryptTool.h; sourceTree = "<group>"; };
		5ECCD7151E1E9F4D00F19136 /* SMEncryptTool.m */ = {isa = PBXFileReference; fileEncoding = 4; lastKnownFileType = sourcecode.c.objc; path = SMEncryptTool.m; sourceTree = "<group>"; };
		70205F93C23D2B5220DA6036 /* Pods-SwordClient.debug.xcconfig */ = {isa = PBXFileReference; includeInIndex = 1; lastKnownFileType = text.xcconfig; name = "Pods-SwordClient.debug.xcconfig"; path = "Pods/Target Support Files/Pods-SwordClient/Pods-SwordClient.debug.xcconfig"; sourceTree = "<group>"; };
		7108FA471E25D61800010396 /* libWeChatSDK.a */ = {isa = PBXFileReference; lastKnownFileType = archive.ar; path = libWeChatSDK.a; sourceTree = "<group>"; };
		7108FA481E25D61800010396 /* README.txt */ = {isa = PBXFileReference; fileEncoding = 4; lastKnownFileType = text; path = README.txt; sourceTree = "<group>"; };
		7108FA491E25D61800010396 /* WechatAuthSDK.h */ = {isa = PBXFileReference; fileEncoding = 4; lastKnownFileType = sourcecode.c.h; path = WechatAuthSDK.h; sourceTree = "<group>"; };
		7108FA4A1E25D61800010396 /* WXApi.h */ = {isa = PBXFileReference; fileEncoding = 4; lastKnownFileType = sourcecode.c.h; path = WXApi.h; sourceTree = "<group>"; };
		7108FA4B1E25D61800010396 /* WXApiObject.h */ = {isa = PBXFileReference; fileEncoding = 4; lastKnownFileType = sourcecode.c.h; path = WXApiObject.h; sourceTree = "<group>"; };
		7108FA4E1E25D68A00010396 /* SystemConfiguration.framework */ = {isa = PBXFileReference; lastKnownFileType = wrapper.framework; name = SystemConfiguration.framework; path = System/Library/Frameworks/SystemConfiguration.framework; sourceTree = SDKROOT; };
		7108FA501E25D69E00010396 /* libz.tbd */ = {isa = PBXFileReference; lastKnownFileType = "sourcecode.text-based-dylib-definition"; name = libz.tbd; path = usr/lib/libz.tbd; sourceTree = SDKROOT; };
		7108FA521E25D6AD00010396 /* libsqlite3.0.tbd */ = {isa = PBXFileReference; lastKnownFileType = "sourcecode.text-based-dylib-definition"; name = libsqlite3.0.tbd; path = usr/lib/libsqlite3.0.tbd; sourceTree = SDKROOT; };
		7108FA541E25D6C000010396 /* libc++.tbd */ = {isa = PBXFileReference; lastKnownFileType = "sourcecode.text-based-dylib-definition"; name = "libc++.tbd"; path = "usr/lib/libc++.tbd"; sourceTree = SDKROOT; };
		7108FA561E25D6CB00010396 /* Security.framework */ = {isa = PBXFileReference; lastKnownFileType = wrapper.framework; name = Security.framework; path = System/Library/Frameworks/Security.framework; sourceTree = SDKROOT; };
		7108FA581E25D6D600010396 /* CoreTelephony.framework */ = {isa = PBXFileReference; lastKnownFileType = wrapper.framework; name = CoreTelephony.framework; path = System/Library/Frameworks/CoreTelephony.framework; sourceTree = SDKROOT; };
		7108FA5A1E25D6E000010396 /* CFNetwork.framework */ = {isa = PBXFileReference; lastKnownFileType = wrapper.framework; name = CFNetwork.framework; path = System/Library/Frameworks/CFNetwork.framework; sourceTree = SDKROOT; };
		7108FA5C1E2614BE00010396 /* CoreGraphics.framework */ = {isa = PBXFileReference; lastKnownFileType = wrapper.framework; name = CoreGraphics.framework; path = System/Library/Frameworks/CoreGraphics.framework; sourceTree = SDKROOT; };
		7108FA5E1E26150100010396 /* libiconv.tbd */ = {isa = PBXFileReference; lastKnownFileType = "sourcecode.text-based-dylib-definition"; name = libiconv.tbd; path = usr/lib/libiconv.tbd; sourceTree = SDKROOT; };
		7108FA611E2615DD00010396 /* TencentOpenAPI.framework */ = {isa = PBXFileReference; lastKnownFileType = wrapper.framework; path = TencentOpenAPI.framework; sourceTree = "<group>"; };
		7108FA621E2615DD00010396 /* TencentOpenApi_IOS_Bundle.bundle */ = {isa = PBXFileReference; lastKnownFileType = "wrapper.plug-in"; path = TencentOpenApi_IOS_Bundle.bundle; sourceTree = "<group>"; };
		7122D7261E1DEB8C0052F6D9 /* LJConstant.h */ = {isa = PBXFileReference; lastKnownFileType = sourcecode.c.h; path = LJConstant.h; sourceTree = "<group>"; };
		7122D7391E1E44810052F6D9 /* LJInfoListApi.h */ = {isa = PBXFileReference; fileEncoding = 4; lastKnownFileType = sourcecode.c.h; path = LJInfoListApi.h; sourceTree = "<group>"; };
		7122D73A1E1E44810052F6D9 /* LJInfoListApi.m */ = {isa = PBXFileReference; fileEncoding = 4; lastKnownFileType = sourcecode.c.objc; path = LJInfoListApi.m; sourceTree = "<group>"; };
		7122D73C1E1E49690052F6D9 /* LJInfoListViewController.h */ = {isa = PBXFileReference; fileEncoding = 4; lastKnownFileType = sourcecode.c.h; path = LJInfoListViewController.h; sourceTree = "<group>"; };
		7122D73D1E1E49690052F6D9 /* LJInfoListViewController.m */ = {isa = PBXFileReference; fileEncoding = 4; lastKnownFileType = sourcecode.c.objc; path = LJInfoListViewController.m; sourceTree = "<group>"; };
		713DE4BC1E1CDEA600ACAED0 /* SwordClient.app */ = {isa = PBXFileReference; explicitFileType = wrapper.application; includeInIndex = 0; path = SwordClient.app; sourceTree = BUILT_PRODUCTS_DIR; };
		713DE4C01E1CDEA600ACAED0 /* main.m */ = {isa = PBXFileReference; lastKnownFileType = sourcecode.c.objc; path = main.m; sourceTree = "<group>"; };
		713DE4C21E1CDEA600ACAED0 /* AppDelegate.h */ = {isa = PBXFileReference; lastKnownFileType = sourcecode.c.h; path = AppDelegate.h; sourceTree = "<group>"; };
		713DE4C31E1CDEA600ACAED0 /* AppDelegate.m */ = {isa = PBXFileReference; lastKnownFileType = sourcecode.c.objc; path = AppDelegate.m; sourceTree = "<group>"; };
		713DE4C51E1CDEA600ACAED0 /* ViewController.h */ = {isa = PBXFileReference; lastKnownFileType = sourcecode.c.h; path = ViewController.h; sourceTree = "<group>"; };
		713DE4C61E1CDEA600ACAED0 /* ViewController.m */ = {isa = PBXFileReference; lastKnownFileType = sourcecode.c.objc; path = ViewController.m; sourceTree = "<group>"; };
		713DE4C91E1CDEA600ACAED0 /* Base */ = {isa = PBXFileReference; lastKnownFileType = file.storyboard; name = Base; path = Base.lproj/Main.storyboard; sourceTree = "<group>"; };
		713DE4CE1E1CDEA600ACAED0 /* Base */ = {isa = PBXFileReference; lastKnownFileType = file.storyboard; name = Base; path = Base.lproj/LaunchScreen.storyboard; sourceTree = "<group>"; };
		713DE4D01E1CDEA600ACAED0 /* Info.plist */ = {isa = PBXFileReference; lastKnownFileType = text.plist.xml; path = Info.plist; sourceTree = "<group>"; };
		713DE4E51E1CFB6200ACAED0 /* PrefixHeader.pch */ = {isa = PBXFileReference; lastKnownFileType = sourcecode.c.h; path = PrefixHeader.pch; sourceTree = "<group>"; };
		715571811E1F288300F4746B /* SvUDIDTools.h */ = {isa = PBXFileReference; fileEncoding = 4; lastKnownFileType = sourcecode.c.h; path = SvUDIDTools.h; sourceTree = "<group>"; };
		715571821E1F288300F4746B /* SvUDIDTools.m */ = {isa = PBXFileReference; fileEncoding = 4; lastKnownFileType = sourcecode.c.objc; path = SvUDIDTools.m; sourceTree = "<group>"; };
		715571891E1F356700F4746B /* SMUserModel.h */ = {isa = PBXFileReference; fileEncoding = 4; lastKnownFileType = sourcecode.c.h; path = SMUserModel.h; sourceTree = "<group>"; };
		7155718A1E1F356700F4746B /* SMUserModel.m */ = {isa = PBXFileReference; fileEncoding = 4; lastKnownFileType = sourcecode.c.objc; path = SMUserModel.m; sourceTree = "<group>"; };
		7162F1101E1F932900071EF4 /* LJNavigationController.h */ = {isa = PBXFileReference; fileEncoding = 4; lastKnownFileType = sourcecode.c.h; path = LJNavigationController.h; sourceTree = "<group>"; };
		7162F1111E1F932900071EF4 /* LJNavigationController.m */ = {isa = PBXFileReference; fileEncoding = 4; lastKnownFileType = sourcecode.c.objc; path = LJNavigationController.m; sourceTree = "<group>"; };
		7162F1131E1F943000071EF4 /* LJLoginViewController.h */ = {isa = PBXFileReference; fileEncoding = 4; lastKnownFileType = sourcecode.c.h; path = LJLoginViewController.h; sourceTree = "<group>"; };
		7162F1141E1F943000071EF4 /* LJLoginViewController.m */ = {isa = PBXFileReference; fileEncoding = 4; lastKnownFileType = sourcecode.c.objc; path = LJLoginViewController.m; sourceTree = "<group>"; };
		7177995F1E208EC2002A93BC /* LJMenuView.h */ = {isa = PBXFileReference; fileEncoding = 4; lastKnownFileType = sourcecode.c.h; path = LJMenuView.h; sourceTree = "<group>"; };
		717799601E208EC2002A93BC /* LJMenuView.m */ = {isa = PBXFileReference; fileEncoding = 4; lastKnownFileType = sourcecode.c.objc; path = LJMenuView.m; sourceTree = "<group>"; };
		717799621E208FF8002A93BC /* UIViewExt.h */ = {isa = PBXFileReference; fileEncoding = 4; lastKnownFileType = sourcecode.c.h; path = UIViewExt.h; sourceTree = "<group>"; };
		717799631E208FF8002A93BC /* UIViewExt.m */ = {isa = PBXFileReference; fileEncoding = 4; lastKnownFileType = sourcecode.c.objc; path = UIViewExt.m; sourceTree = "<group>"; };
		717799651E20BC32002A93BC /* LJPersonInfoViewController.h */ = {isa = PBXFileReference; fileEncoding = 4; lastKnownFileType = sourcecode.c.h; path = LJPersonInfoViewController.h; sourceTree = "<group>"; };
		717799661E20BC32002A93BC /* LJPersonInfoViewController.m */ = {isa = PBXFileReference; fileEncoding = 4; lastKnownFileType = sourcecode.c.objc; path = LJPersonInfoViewController.m; sourceTree = "<group>"; };
		717799691E21E2E0002A93BC /* LJRegisterViewController1.h */ = {isa = PBXFileReference; fileEncoding = 4; lastKnownFileType = sourcecode.c.h; path = LJRegisterViewController1.h; sourceTree = "<group>"; };
		7177996A1E21E2E0002A93BC /* LJRegisterViewController1.m */ = {isa = PBXFileReference; fileEncoding = 4; lastKnownFileType = sourcecode.c.objc; path = LJRegisterViewController1.m; sourceTree = "<group>"; };
		7177996C1E21E2EB002A93BC /* LJRegisterViewController2.h */ = {isa = PBXFileReference; fileEncoding = 4; lastKnownFileType = sourcecode.c.h; path = LJRegisterViewController2.h; sourceTree = "<group>"; };
		7177996D1E21E2EB002A93BC /* LJRegisterViewController2.m */ = {isa = PBXFileReference; fileEncoding = 4; lastKnownFileType = sourcecode.c.objc; path = LJRegisterViewController2.m; sourceTree = "<group>"; };
		7177996F1E2228E3002A93BC /* LJSettViewController.h */ = {isa = PBXFileReference; fileEncoding = 4; lastKnownFileType = sourcecode.c.h; path = LJSettViewController.h; sourceTree = "<group>"; };
		717799701E2228E3002A93BC /* LJSettViewController.m */ = {isa = PBXFileReference; fileEncoding = 4; lastKnownFileType = sourcecode.c.objc; path = LJSettViewController.m; sourceTree = "<group>"; };
		717799721E222C1D002A93BC /* LJChangePasswordViewController.h */ = {isa = PBXFileReference; fileEncoding = 4; lastKnownFileType = sourcecode.c.h; path = LJChangePasswordViewController.h; sourceTree = "<group>"; };
		717799731E222C1D002A93BC /* LJChangePasswordViewController.m */ = {isa = PBXFileReference; fileEncoding = 4; lastKnownFileType = sourcecode.c.objc; path = LJChangePasswordViewController.m; sourceTree = "<group>"; };
		717799751E223A36002A93BC /* LJConnectUsViewController.h */ = {isa = PBXFileReference; fileEncoding = 4; lastKnownFileType = sourcecode.c.h; path = LJConnectUsViewController.h; sourceTree = "<group>"; };
		717799761E223A36002A93BC /* LJConnectUsViewController.m */ = {isa = PBXFileReference; fileEncoding = 4; lastKnownFileType = sourcecode.c.objc; path = LJConnectUsViewController.m; sourceTree = "<group>"; };
		717799781E224032002A93BC /* LJForggetPasswordViewController.h */ = {isa = PBXFileReference; fileEncoding = 4; lastKnownFileType = sourcecode.c.h; path = LJForggetPasswordViewController.h; sourceTree = "<group>"; };
		717799791E224032002A93BC /* LJForggetPasswordViewController.m */ = {isa = PBXFileReference; fileEncoding = 4; lastKnownFileType = sourcecode.c.objc; path = LJForggetPasswordViewController.m; sourceTree = "<group>"; };
		7177997B1E224043002A93BC /* LJForgetPasswordViewController2.h */ = {isa = PBXFileReference; fileEncoding = 4; lastKnownFileType = sourcecode.c.h; path = LJForgetPasswordViewController2.h; sourceTree = "<group>"; };
		7177997C1E224043002A93BC /* LJForgetPasswordViewController2.m */ = {isa = PBXFileReference; fileEncoding = 4; lastKnownFileType = sourcecode.c.objc; path = LJForgetPasswordViewController2.m; sourceTree = "<group>"; };
		7177997E1E22429E002A93BC /* LJInfoDetailViewController.h */ = {isa = PBXFileReference; fileEncoding = 4; lastKnownFileType = sourcecode.c.h; path = LJInfoDetailViewController.h; sourceTree = "<group>"; };
		7177997F1E22429E002A93BC /* LJInfoDetailViewController.m */ = {isa = PBXFileReference; fileEncoding = 4; lastKnownFileType = sourcecode.c.objc; path = LJInfoDetailViewController.m; sourceTree = "<group>"; };
		717799821E225C30002A93BC /* MBProgressHUD+LJToast.h */ = {isa = PBXFileReference; fileEncoding = 4; lastKnownFileType = sourcecode.c.h; path = "MBProgressHUD+LJToast.h"; sourceTree = "<group>"; };
		717799831E225C30002A93BC /* MBProgressHUD+LJToast.m */ = {isa = PBXFileReference; fileEncoding = 4; lastKnownFileType = sourcecode.c.objc; path = "MBProgressHUD+LJToast.m"; sourceTree = "<group>"; };
		717799851E226834002A93BC /* LJInfoTableViewCell.h */ = {isa = PBXFileReference; fileEncoding = 4; lastKnownFileType = sourcecode.c.h; path = LJInfoTableViewCell.h; sourceTree = "<group>"; };
		717799861E226834002A93BC /* LJInfoTableViewCell.m */ = {isa = PBXFileReference; fileEncoding = 4; lastKnownFileType = sourcecode.c.objc; path = LJInfoTableViewCell.m; sourceTree = "<group>"; };
		717799881E228FC8002A93BC /* LJBaseViewController.h */ = {isa = PBXFileReference; fileEncoding = 4; lastKnownFileType = sourcecode.c.h; path = LJBaseViewController.h; sourceTree = "<group>"; };
		717799891E228FC8002A93BC /* LJBaseViewController.m */ = {isa = PBXFileReference; fileEncoding = 4; lastKnownFileType = sourcecode.c.objc; path = LJBaseViewController.m; sourceTree = "<group>"; };
		717799911E25169F002A93BC /* LJInfoListViewController2.h */ = {isa = PBXFileReference; fileEncoding = 4; lastKnownFileType = sourcecode.c.h; path = LJInfoListViewController2.h; sourceTree = "<group>"; };
		717799921E25169F002A93BC /* LJInfoListViewController2.m */ = {isa = PBXFileReference; fileEncoding = 4; lastKnownFileType = sourcecode.c.objc; path = LJInfoListViewController2.m; sourceTree = "<group>"; };
		717799941E251805002A93BC /* LJPageViewController.h */ = {isa = PBXFileReference; fileEncoding = 4; lastKnownFileType = sourcecode.c.h; path = LJPageViewController.h; sourceTree = "<group>"; };
		717799951E251805002A93BC /* LJPageViewController.m */ = {isa = PBXFileReference; fileEncoding = 4; lastKnownFileType = sourcecode.c.objc; path = LJPageViewController.m; sourceTree = "<group>"; };
		9A9BB6492ECFBBF362693925 /* libPods-SwordClient.a */ = {isa = PBXFileReference; explicitFileType = archive.ar; includeInIndex = 0; path = "libPods-SwordClient.a"; sourceTree = BUILT_PRODUCTS_DIR; };
/* End PBXFileReference section */

/* Begin PBXFrameworksBuildPhase section */
		713DE4B91E1CDEA600ACAED0 /* Frameworks */ = {
			isa = PBXFrameworksBuildPhase;
			buildActionMask = 2147483647;
			files = (
				7108FA5F1E26150100010396 /* libiconv.tbd in Frameworks */,
				7108FA5D1E2614BE00010396 /* CoreGraphics.framework in Frameworks */,
				7108FA5B1E25D6E000010396 /* CFNetwork.framework in Frameworks */,
				7108FA591E25D6D600010396 /* CoreTelephony.framework in Frameworks */,
				7108FA571E25D6CB00010396 /* Security.framework in Frameworks */,
				7108FA631E2615DD00010396 /* TencentOpenAPI.framework in Frameworks */,
				7108FA551E25D6C000010396 /* libc++.tbd in Frameworks */,
				7108FA531E25D6AD00010396 /* libsqlite3.0.tbd in Frameworks */,
				7108FA511E25D69E00010396 /* libz.tbd in Frameworks */,
				7108FA4F1E25D68A00010396 /* SystemConfiguration.framework in Frameworks */,
				5EC441F01E2381520029EE15 /* UserNotifications.framework in Frameworks */,
				5EC441EE1E2380AD0029EE15 /* libUMessage_Sdk_1.4.0.a in Frameworks */,
				7108FA4C1E25D61800010396 /* libWeChatSDK.a in Frameworks */,
				D1A1C45E0D139F892EC6434E /* libPods-SwordClient.a in Frameworks */,
			);
			runOnlyForDeploymentPostprocessing = 0;
		};
/* End PBXFrameworksBuildPhase section */

/* Begin PBXGroup section */
		06095B78976F653281DCE8D8 /* Pods */ = {
			isa = PBXGroup;
			children = (
				70205F93C23D2B5220DA6036 /* Pods-SwordClient.debug.xcconfig */,
				4A243E3F48EF0F6755273BC1 /* Pods-SwordClient.release.xcconfig */,
			);
			name = Pods;
			sourceTree = "<group>";
		};
		5EC441EB1E2380AD0029EE15 /* SDKs */ = {
			isa = PBXGroup;
			children = (
				5EC441EC1E2380AD0029EE15 /* libUMessage_Sdk_1.4.0.a */,
				5EC441ED1E2380AD0029EE15 /* UMessage.h */,
			);
			path = SDKs;
			sourceTree = "<group>";
		};
		5ECCD7071E1E8F6000F19136 /* Tools */ = {
			isa = PBXGroup;
			children = (
				717799621E208FF8002A93BC /* UIViewExt.h */,
				717799631E208FF8002A93BC /* UIViewExt.m */,
				715571811E1F288300F4746B /* SvUDIDTools.h */,
				715571821E1F288300F4746B /* SvUDIDTools.m */,
				5ECCD7111E1E9F4D00F19136 /* GTMBase64.h */,
				5ECCD7121E1E9F4D00F19136 /* GTMBase64.m */,
				5ECCD7131E1E9F4D00F19136 /* GTMDefines.h */,
				5ECCD7141E1E9F4D00F19136 /* SMEncryptTool.h */,
				5ECCD7151E1E9F4D00F19136 /* SMEncryptTool.m */,
				5ECCD70E1E1E9F1400F19136 /* NetWorkTool.h */,
				5ECCD70F1E1E9F1400F19136 /* NetWorkTool.m */,
				5ECCD7081E1E8F6900F19136 /* JKEncrypt.h */,
				5ECCD7091E1E8F6900F19136 /* JKEncrypt.m */,
				5ECCD70B1E1E923300F19136 /* NSString+MD5.h */,
				5ECCD70C1E1E923300F19136 /* NSString+MD5.m */,
			);
			path = Tools;
			sourceTree = "<group>";
		};
		7108FA461E25D61800010396 /* OpenSDK1.7.5 */ = {
			isa = PBXGroup;
			children = (
				7108FA471E25D61800010396 /* libWeChatSDK.a */,
				7108FA481E25D61800010396 /* README.txt */,
				7108FA491E25D61800010396 /* WechatAuthSDK.h */,
				7108FA4A1E25D61800010396 /* WXApi.h */,
				7108FA4B1E25D61800010396 /* WXApiObject.h */,
			);
			path = OpenSDK1.7.5;
			sourceTree = "<group>";
		};
		7108FA601E2615DD00010396 /* TencentQQOpenSDK */ = {
			isa = PBXGroup;
			children = (
				7108FA611E2615DD00010396 /* TencentOpenAPI.framework */,
				7108FA621E2615DD00010396 /* TencentOpenApi_IOS_Bundle.bundle */,
			);
			path = TencentQQOpenSDK;
			sourceTree = "<group>";
		};
		7122D7271E1DF8F20052F6D9 /* API */ = {
			isa = PBXGroup;
			children = (
				7122D7391E1E44810052F6D9 /* LJInfoListApi.h */,
				7122D73A1E1E44810052F6D9 /* LJInfoListApi.m */,
			);
			path = API;
			sourceTree = "<group>";
		};
		7122D7371E1E43D10052F6D9 /* InfoList */ = {
			isa = PBXGroup;
			children = (
				7177995E1E208E1D002A93BC /* Subviews */,
				7122D73C1E1E49690052F6D9 /* LJInfoListViewController.h */,
				7122D73D1E1E49690052F6D9 /* LJInfoListViewController.m */,
				717799911E25169F002A93BC /* LJInfoListViewController2.h */,
				717799921E25169F002A93BC /* LJInfoListViewController2.m */,
				7177997E1E22429E002A93BC /* LJInfoDetailViewController.h */,
				7177997F1E22429E002A93BC /* LJInfoDetailViewController.m */,
				717799941E251805002A93BC /* LJPageViewController.h */,
				717799951E251805002A93BC /* LJPageViewController.m */,
			);
			path = InfoList;
			sourceTree = "<group>";
		};
		7122D7381E1E43DF0052F6D9 /* Settings */ = {
			isa = PBXGroup;
			children = (
				717799651E20BC32002A93BC /* LJPersonInfoViewController.h */,
				717799661E20BC32002A93BC /* LJPersonInfoViewController.m */,
				717799751E223A36002A93BC /* LJConnectUsViewController.h */,
				717799761E223A36002A93BC /* LJConnectUsViewController.m */,
				7177996F1E2228E3002A93BC /* LJSettViewController.h */,
				717799701E2228E3002A93BC /* LJSettViewController.m */,
				5EC441F61E23D7190029EE15 /* LJChangeNameViewController.h */,
				5EC441F71E23D7190029EE15 /* LJChangeNameViewController.m */,
				717799721E222C1D002A93BC /* LJChangePasswordViewController.h */,
				717799731E222C1D002A93BC /* LJChangePasswordViewController.m */,
				5EC441E51E233AF60029EE15 /* LJChangeMobileViewController.h */,
				5EC441E61E233AF60029EE15 /* LJChangeMobileViewController.m */,
				5EC441E81E2370140029EE15 /* LJGetVerifyViewController.h */,
				5EC441E91E2370140029EE15 /* LJGetVerifyViewController.m */,
			);
			path = Settings;
			sourceTree = "<group>";
		};
		7122D73F1E1E49F20052F6D9 /* RegisterAndLogin */ = {
			isa = PBXGroup;
			children = (
				7162F1131E1F943000071EF4 /* LJLoginViewController.h */,
				7162F1141E1F943000071EF4 /* LJLoginViewController.m */,
				717799691E21E2E0002A93BC /* LJRegisterViewController1.h */,
				7177996A1E21E2E0002A93BC /* LJRegisterViewController1.m */,
				7177996C1E21E2EB002A93BC /* LJRegisterViewController2.h */,
				7177996D1E21E2EB002A93BC /* LJRegisterViewController2.m */,
				717799781E224032002A93BC /* LJForggetPasswordViewController.h */,
				717799791E224032002A93BC /* LJForggetPasswordViewController.m */,
				7177997B1E224043002A93BC /* LJForgetPasswordViewController2.h */,
				7177997C1E224043002A93BC /* LJForgetPasswordViewController2.m */,
			);
			path = RegisterAndLogin;
			sourceTree = "<group>";
		};
		713DE4B31E1CDEA500ACAED0 = {
			isa = PBXGroup;
			children = (
				7108FA601E2615DD00010396 /* TencentQQOpenSDK */,
				7108FA461E25D61800010396 /* OpenSDK1.7.5 */,
				5EC441EB1E2380AD0029EE15 /* SDKs */,
				717799811E225BCA002A93BC /* Categories */,
				7162F10F1E1F930100071EF4 /* Base */,
				715571841E1F356700F4746B /* SMUserDataManager */,
				5ECCD7071E1E8F6000F19136 /* Tools */,
				7122D73F1E1E49F20052F6D9 /* RegisterAndLogin */,
				7122D7381E1E43DF0052F6D9 /* Settings */,
				7122D7371E1E43D10052F6D9 /* InfoList */,
				7122D7271E1DF8F20052F6D9 /* API */,
				713DE4BE1E1CDEA600ACAED0 /* SwordClient */,
				713DE4BD1E1CDEA600ACAED0 /* Products */,
				06095B78976F653281DCE8D8 /* Pods */,
				9C75C6495B99799071F948D5 /* Frameworks */,
			);
			sourceTree = "<group>";
		};
		713DE4BD1E1CDEA600ACAED0 /* Products */ = {
			isa = PBXGroup;
			children = (
				713DE4BC1E1CDEA600ACAED0 /* SwordClient.app */,
			);
			name = Products;
			sourceTree = "<group>";
		};
		713DE4BE1E1CDEA600ACAED0 /* SwordClient */ = {
			isa = PBXGroup;
			children = (
				5EC441F11E2381670029EE15 /* SwordClient.entitlements */,
				713DE4C21E1CDEA600ACAED0 /* AppDelegate.h */,
				713DE4C31E1CDEA600ACAED0 /* AppDelegate.m */,
				713DE4C51E1CDEA600ACAED0 /* ViewController.h */,
				713DE4C61E1CDEA600ACAED0 /* ViewController.m */,
				5EC441FC1E2668340029EE15 /* LJLaunchViewController.h */,
				5EC441FD1E2668340029EE15 /* LJLaunchViewController.m */,
				5EC441F41E239F5F0029EE15 /* Assets.xcassets */,
				713DE4C81E1CDEA600ACAED0 /* Main.storyboard */,
				713DE4CD1E1CDEA600ACAED0 /* LaunchScreen.storyboard */,
				713DE4D01E1CDEA600ACAED0 /* Info.plist */,
				713DE4BF1E1CDEA600ACAED0 /* Supporting Files */,
			);
			path = SwordClient;
			sourceTree = "<group>";
		};
		713DE4BF1E1CDEA600ACAED0 /* Supporting Files */ = {
			isa = PBXGroup;
			children = (
				713DE4C01E1CDEA600ACAED0 /* main.m */,
				713DE4E51E1CFB6200ACAED0 /* PrefixHeader.pch */,
				7122D7261E1DEB8C0052F6D9 /* LJConstant.h */,
			);
			name = "Supporting Files";
			sourceTree = "<group>";
		};
		715571841E1F356700F4746B /* SMUserDataManager */ = {
			isa = PBXGroup;
			children = (
				715571891E1F356700F4746B /* SMUserModel.h */,
				7155718A1E1F356700F4746B /* SMUserModel.m */,
			);
			path = SMUserDataManager;
			sourceTree = "<group>";
		};
		7162F10F1E1F930100071EF4 /* Base */ = {
			isa = PBXGroup;
			children = (
				7162F1101E1F932900071EF4 /* LJNavigationController.h */,
				7162F1111E1F932900071EF4 /* LJNavigationController.m */,
				717799881E228FC8002A93BC /* LJBaseViewController.h */,
				717799891E228FC8002A93BC /* LJBaseViewController.m */,
			);
			path = Base;
			sourceTree = "<group>";
		};
		7177995E1E208E1D002A93BC /* Subviews */ = {
			isa = PBXGroup;
			children = (
				7177995F1E208EC2002A93BC /* LJMenuView.h */,
				717799601E208EC2002A93BC /* LJMenuView.m */,
				717799851E226834002A93BC /* LJInfoTableViewCell.h */,
				717799861E226834002A93BC /* LJInfoTableViewCell.m */,
				5EC441F91E23E76F0029EE15 /* LJInfo2TableViewCell.h */,
				5EC441FA1E23E76F0029EE15 /* LJInfo2TableViewCell.m */,
			);
			name = Subviews;
			sourceTree = "<group>";
		};
		717799811E225BCA002A93BC /* Categories */ = {
			isa = PBXGroup;
			children = (
				717799821E225C30002A93BC /* MBProgressHUD+LJToast.h */,
				717799831E225C30002A93BC /* MBProgressHUD+LJToast.m */,
			);
			path = Categories;
			sourceTree = "<group>";
		};
		9C75C6495B99799071F948D5 /* Frameworks */ = {
			isa = PBXGroup;
			children = (
				7108FA5E1E26150100010396 /* libiconv.tbd */,
				7108FA5C1E2614BE00010396 /* CoreGraphics.framework */,
				7108FA5A1E25D6E000010396 /* CFNetwork.framework */,
				7108FA581E25D6D600010396 /* CoreTelephony.framework */,
				7108FA561E25D6CB00010396 /* Security.framework */,
				7108FA541E25D6C000010396 /* libc++.tbd */,
				7108FA521E25D6AD00010396 /* libsqlite3.0.tbd */,
				7108FA501E25D69E00010396 /* libz.tbd */,
				7108FA4E1E25D68A00010396 /* SystemConfiguration.framework */,
				5EC441EF1E2381520029EE15 /* UserNotifications.framework */,
				9A9BB6492ECFBBF362693925 /* libPods-SwordClient.a */,
			);
			name = Frameworks;
			sourceTree = "<group>";
		};
/* End PBXGroup section */

/* Begin PBXNativeTarget section */
		713DE4BB1E1CDEA600ACAED0 /* SwordClient */ = {
			isa = PBXNativeTarget;
			buildConfigurationList = 713DE4D31E1CDEA600ACAED0 /* Build configuration list for PBXNativeTarget "SwordClient" */;
			buildPhases = (
				7CF174E898871ED512739464 /* 📦 Check Pods Manifest.lock */,
				250BFDFAB14C55EE3385DC75 /* [CP] Check Pods Manifest.lock */,
				713DE4B81E1CDEA600ACAED0 /* Sources */,
				713DE4B91E1CDEA600ACAED0 /* Frameworks */,
				713DE4BA1E1CDEA600ACAED0 /* Resources */,
				CC54602251F052183594E5C0 /* [CP] Embed Pods Frameworks */,
				32DCBC63505846B985ECAC50 /* [CP] Copy Pods Resources */,
				021CBC68C03B35B8DEA44431 /* 📦 Embed Pods Frameworks */,
				04DFDC85F6E1384B4785FA00 /* 📦 Copy Pods Resources */,
			);
			buildRules = (
			);
			dependencies = (
			);
			name = SwordClient;
			productName = SwordClient;
			productReference = 713DE4BC1E1CDEA600ACAED0 /* SwordClient.app */;
			productType = "com.apple.product-type.application";
		};
/* End PBXNativeTarget section */

/* Begin PBXProject section */
		713DE4B41E1CDEA500ACAED0 /* Project object */ = {
			isa = PBXProject;
			attributes = {
				LastUpgradeCheck = 0800;
				ORGANIZATIONNAME = SRH;
				TargetAttributes = {
					713DE4BB1E1CDEA600ACAED0 = {
						CreatedOnToolsVersion = 8.0;
						DevelopmentTeam = VGN9QRT68D;
						ProvisioningStyle = Manual;
						SystemCapabilities = {
							com.apple.Push = {
								enabled = 1;
							};
						};
					};
				};
			};
			buildConfigurationList = 713DE4B71E1CDEA600ACAED0 /* Build configuration list for PBXProject "SwordClient" */;
			compatibilityVersion = "Xcode 3.2";
			developmentRegion = English;
			hasScannedForEncodings = 0;
			knownRegions = (
				en,
				Base,
			);
			mainGroup = 713DE4B31E1CDEA500ACAED0;
			productRefGroup = 713DE4BD1E1CDEA600ACAED0 /* Products */;
			projectDirPath = "";
			projectRoot = "";
			targets = (
				713DE4BB1E1CDEA600ACAED0 /* SwordClient */,
			);
		};
/* End PBXProject section */

/* Begin PBXResourcesBuildPhase section */
		713DE4BA1E1CDEA600ACAED0 /* Resources */ = {
			isa = PBXResourcesBuildPhase;
			buildActionMask = 2147483647;
			files = (
				713DE4CF1E1CDEA600ACAED0 /* LaunchScreen.storyboard in Resources */,
				5EC441F51E239F5F0029EE15 /* Assets.xcassets in Resources */,
				7108FA4D1E25D61800010396 /* README.txt in Resources */,
				7108FA641E2615DD00010396 /* TencentOpenApi_IOS_Bundle.bundle in Resources */,
				713DE4CA1E1CDEA600ACAED0 /* Main.storyboard in Resources */,
			);
			runOnlyForDeploymentPostprocessing = 0;
		};
/* End PBXResourcesBuildPhase section */

/* Begin PBXShellScriptBuildPhase section */
		021CBC68C03B35B8DEA44431 /* 📦 Embed Pods Frameworks */ = {
			isa = PBXShellScriptBuildPhase;
			buildActionMask = 2147483647;
			files = (
			);
			inputPaths = (
			);
			name = "📦 Embed Pods Frameworks";
			outputPaths = (
			);
			runOnlyForDeploymentPostprocessing = 0;
			shellPath = /bin/sh;
			shellScript = "\"${SRCROOT}/Pods/Target Support Files/Pods-SwordClient/Pods-SwordClient-frameworks.sh\"\n";
			showEnvVarsInLog = 0;
		};
		04DFDC85F6E1384B4785FA00 /* 📦 Copy Pods Resources */ = {
			isa = PBXShellScriptBuildPhase;
			buildActionMask = 2147483647;
			files = (
			);
			inputPaths = (
			);
			name = "📦 Copy Pods Resources";
			outputPaths = (
			);
			runOnlyForDeploymentPostprocessing = 0;
			shellPath = /bin/sh;
			shellScript = "\"${SRCROOT}/Pods/Target Support Files/Pods-SwordClient/Pods-SwordClient-resources.sh\"\n";
			showEnvVarsInLog = 0;
		};
		250BFDFAB14C55EE3385DC75 /* [CP] Check Pods Manifest.lock */ = {
			isa = PBXShellScriptBuildPhase;
			buildActionMask = 2147483647;
			files = (
			);
			inputPaths = (
			);
			name = "[CP] Check Pods Manifest.lock";
			outputPaths = (
			);
			runOnlyForDeploymentPostprocessing = 0;
			shellPath = /bin/sh;
			shellScript = "diff \"${PODS_ROOT}/../Podfile.lock\" \"${PODS_ROOT}/Manifest.lock\" > /dev/null\nif [ $? != 0 ] ; then\n    # print error to STDERR\n    echo \"error: The sandbox is not in sync with the Podfile.lock. Run 'pod install' or update your CocoaPods installation.\" >&2\n    exit 1\nfi\n";
			showEnvVarsInLog = 0;
		};
		32DCBC63505846B985ECAC50 /* [CP] Copy Pods Resources */ = {
			isa = PBXShellScriptBuildPhase;
			buildActionMask = 2147483647;
			files = (
			);
			inputPaths = (
			);
			name = "[CP] Copy Pods Resources";
			outputPaths = (
			);
			runOnlyForDeploymentPostprocessing = 0;
			shellPath = /bin/sh;
			shellScript = "\"${SRCROOT}/Pods/Target Support Files/Pods-SwordClient/Pods-SwordClient-resources.sh\"\n";
			showEnvVarsInLog = 0;
		};
		7CF174E898871ED512739464 /* 📦 Check Pods Manifest.lock */ = {
			isa = PBXShellScriptBuildPhase;
			buildActionMask = 2147483647;
			files = (
			);
			inputPaths = (
			);
			name = "📦 Check Pods Manifest.lock";
			outputPaths = (
			);
			runOnlyForDeploymentPostprocessing = 0;
			shellPath = /bin/sh;
			shellScript = "diff \"${PODS_ROOT}/../Podfile.lock\" \"${PODS_ROOT}/Manifest.lock\" > /dev/null\nif [[ $? != 0 ]] ; then\n    cat << EOM\nerror: The sandbox is not in sync with the Podfile.lock. Run 'pod install' or update your CocoaPods installation.\nEOM\n    exit 1\nfi\n";
			showEnvVarsInLog = 0;
		};
		CC54602251F052183594E5C0 /* [CP] Embed Pods Frameworks */ = {
			isa = PBXShellScriptBuildPhase;
			buildActionMask = 2147483647;
			files = (
			);
			inputPaths = (
			);
			name = "[CP] Embed Pods Frameworks";
			outputPaths = (
			);
			runOnlyForDeploymentPostprocessing = 0;
			shellPath = /bin/sh;
			shellScript = "\"${SRCROOT}/Pods/Target Support Files/Pods-SwordClient/Pods-SwordClient-frameworks.sh\"\n";
			showEnvVarsInLog = 0;
		};
/* End PBXShellScriptBuildPhase section */

/* Begin PBXSourcesBuildPhase section */
		713DE4B81E1CDEA600ACAED0 /* Sources */ = {
			isa = PBXSourcesBuildPhase;
			buildActionMask = 2147483647;
			files = (
				717799711E2228E3002A93BC /* LJSettViewController.m in Sources */,
				7177997D1E224043002A93BC /* LJForgetPasswordViewController2.m in Sources */,
				715571831E1F288300F4746B /* SvUDIDTools.m in Sources */,
				5EC441FE1E2668340029EE15 /* LJLaunchViewController.m in Sources */,
				713DE4C71E1CDEA600ACAED0 /* ViewController.m in Sources */,
				5ECCD70D1E1E923300F19136 /* NSString+MD5.m in Sources */,
				717799771E223A36002A93BC /* LJConnectUsViewController.m in Sources */,
				7122D73E1E1E49690052F6D9 /* LJInfoListViewController.m in Sources */,
				7162F1151E1F943000071EF4 /* LJLoginViewController.m in Sources */,
				7177998A1E228FC8002A93BC /* LJBaseViewController.m in Sources */,
				717799961E251805002A93BC /* LJPageViewController.m in Sources */,
				5ECCD7101E1E9F1400F19136 /* NetWorkTool.m in Sources */,
				717799931E25169F002A93BC /* LJInfoListViewController2.m in Sources */,
				7177996B1E21E2E0002A93BC /* LJRegisterViewController1.m in Sources */,
				5EC441E71E233AF60029EE15 /* LJChangeMobileViewController.m in Sources */,
				717799871E226834002A93BC /* LJInfoTableViewCell.m in Sources */,
				717799801E22429E002A93BC /* LJInfoDetailViewController.m in Sources */,
				5EC441EA1E2370140029EE15 /* LJGetVerifyViewController.m in Sources */,
				713DE4C41E1CDEA600ACAED0 /* AppDelegate.m in Sources */,
				717799641E208FF8002A93BC /* UIViewExt.m in Sources */,
				5ECCD7161E1E9F4D00F19136 /* GTMBase64.m in Sources */,
				7177997A1E224032002A93BC /* LJForggetPasswordViewController.m in Sources */,
				5ECCD7171E1E9F4D00F19136 /* SMEncryptTool.m in Sources */,
				717799841E225C30002A93BC /* MBProgressHUD+LJToast.m in Sources */,
				7155718D1E1F356700F4746B /* SMUserModel.m in Sources */,
				7122D73B1E1E44810052F6D9 /* LJInfoListApi.m in Sources */,
				7162F1121E1F932900071EF4 /* LJNavigationController.m in Sources */,
				717799741E222C1D002A93BC /* LJChangePasswordViewController.m in Sources */,
				717799611E208EC2002A93BC /* LJMenuView.m in Sources */,
				5EC441F81E23D7190029EE15 /* LJChangeNameViewController.m in Sources */,
				7177996E1E21E2EB002A93BC /* LJRegisterViewController2.m in Sources */,
				713DE4C11E1CDEA600ACAED0 /* main.m in Sources */,
				5ECCD70A1E1E8F6900F19136 /* JKEncrypt.m in Sources */,
				5EC441FB1E23E76F0029EE15 /* LJInfo2TableViewCell.m in Sources */,
				717799671E20BC32002A93BC /* LJPersonInfoViewController.m in Sources */,
			);
			runOnlyForDeploymentPostprocessing = 0;
		};
/* End PBXSourcesBuildPhase section */

/* Begin PBXVariantGroup section */
		713DE4C81E1CDEA600ACAED0 /* Main.storyboard */ = {
			isa = PBXVariantGroup;
			children = (
				713DE4C91E1CDEA600ACAED0 /* Base */,
			);
			name = Main.storyboard;
			sourceTree = "<group>";
		};
		713DE4CD1E1CDEA600ACAED0 /* LaunchScreen.storyboard */ = {
			isa = PBXVariantGroup;
			children = (
				713DE4CE1E1CDEA600ACAED0 /* Base */,
			);
			name = LaunchScreen.storyboard;
			sourceTree = "<group>";
		};
/* End PBXVariantGroup section */

/* Begin XCBuildConfiguration section */
		713DE4D11E1CDEA600ACAED0 /* Debug */ = {
			isa = XCBuildConfiguration;
			buildSettings = {
				ALWAYS_SEARCH_USER_PATHS = NO;
				CLANG_ANALYZER_NONNULL = YES;
				CLANG_CXX_LANGUAGE_STANDARD = "gnu++0x";
				CLANG_CXX_LIBRARY = "libc++";
				CLANG_ENABLE_MODULES = YES;
				CLANG_ENABLE_OBJC_ARC = YES;
				CLANG_WARN_BOOL_CONVERSION = YES;
				CLANG_WARN_CONSTANT_CONVERSION = YES;
				CLANG_WARN_DIRECT_OBJC_ISA_USAGE = YES_ERROR;
				CLANG_WARN_DOCUMENTATION_COMMENTS = YES;
				CLANG_WARN_EMPTY_BODY = YES;
				CLANG_WARN_ENUM_CONVERSION = YES;
				CLANG_WARN_INFINITE_RECURSION = YES;
				CLANG_WARN_INT_CONVERSION = YES;
				CLANG_WARN_OBJC_ROOT_CLASS = YES_ERROR;
				CLANG_WARN_SUSPICIOUS_MOVES = YES;
				CLANG_WARN_UNREACHABLE_CODE = YES;
				CLANG_WARN__DUPLICATE_METHOD_MATCH = YES;
				"CODE_SIGN_IDENTITY[sdk=iphoneos*]" = "iPhone Developer";
				COPY_PHASE_STRIP = NO;
				DEBUG_INFORMATION_FORMAT = dwarf;
				ENABLE_STRICT_OBJC_MSGSEND = YES;
				ENABLE_TESTABILITY = YES;
				GCC_C_LANGUAGE_STANDARD = gnu99;
				GCC_DYNAMIC_NO_PIC = NO;
				GCC_NO_COMMON_BLOCKS = YES;
				GCC_OPTIMIZATION_LEVEL = 0;
				GCC_PREPROCESSOR_DEFINITIONS = (
					"DEBUG=1",
					"$(inherited)",
				);
				GCC_WARN_64_TO_32_BIT_CONVERSION = YES;
				GCC_WARN_ABOUT_RETURN_TYPE = YES_ERROR;
				GCC_WARN_UNDECLARED_SELECTOR = YES;
				GCC_WARN_UNINITIALIZED_AUTOS = YES_AGGRESSIVE;
				GCC_WARN_UNUSED_FUNCTION = YES;
				GCC_WARN_UNUSED_VARIABLE = YES;
				IPHONEOS_DEPLOYMENT_TARGET = 10.0;
				MTL_ENABLE_DEBUG_INFO = YES;
				ONLY_ACTIVE_ARCH = YES;
				OTHER_LDFLAGS = (
					"-Objc",
					"-all_load",
				);
				SDKROOT = iphoneos;
				TARGETED_DEVICE_FAMILY = "1,2";
			};
			name = Debug;
		};
		713DE4D21E1CDEA600ACAED0 /* Release */ = {
			isa = XCBuildConfiguration;
			buildSettings = {
				ALWAYS_SEARCH_USER_PATHS = NO;
				CLANG_ANALYZER_NONNULL = YES;
				CLANG_CXX_LANGUAGE_STANDARD = "gnu++0x";
				CLANG_CXX_LIBRARY = "libc++";
				CLANG_ENABLE_MODULES = YES;
				CLANG_ENABLE_OBJC_ARC = YES;
				CLANG_WARN_BOOL_CONVERSION = YES;
				CLANG_WARN_CONSTANT_CONVERSION = YES;
				CLANG_WARN_DIRECT_OBJC_ISA_USAGE = YES_ERROR;
				CLANG_WARN_DOCUMENTATION_COMMENTS = YES;
				CLANG_WARN_EMPTY_BODY = YES;
				CLANG_WARN_ENUM_CONVERSION = YES;
				CLANG_WARN_INFINITE_RECURSION = YES;
				CLANG_WARN_INT_CONVERSION = YES;
				CLANG_WARN_OBJC_ROOT_CLASS = YES_ERROR;
				CLANG_WARN_SUSPICIOUS_MOVES = YES;
				CLANG_WARN_UNREACHABLE_CODE = YES;
				CLANG_WARN__DUPLICATE_METHOD_MATCH = YES;
				"CODE_SIGN_IDENTITY[sdk=iphoneos*]" = "iPhone Developer";
				COPY_PHASE_STRIP = NO;
				DEBUG_INFORMATION_FORMAT = "dwarf-with-dsym";
				ENABLE_NS_ASSERTIONS = NO;
				ENABLE_STRICT_OBJC_MSGSEND = YES;
				GCC_C_LANGUAGE_STANDARD = gnu99;
				GCC_NO_COMMON_BLOCKS = YES;
				GCC_WARN_64_TO_32_BIT_CONVERSION = YES;
				GCC_WARN_ABOUT_RETURN_TYPE = YES_ERROR;
				GCC_WARN_UNDECLARED_SELECTOR = YES;
				GCC_WARN_UNINITIALIZED_AUTOS = YES_AGGRESSIVE;
				GCC_WARN_UNUSED_FUNCTION = YES;
				GCC_WARN_UNUSED_VARIABLE = YES;
				IPHONEOS_DEPLOYMENT_TARGET = 10.0;
				MTL_ENABLE_DEBUG_INFO = NO;
				OTHER_LDFLAGS = (
					"-Objc",
					"-all_load",
				);
				SDKROOT = iphoneos;
				TARGETED_DEVICE_FAMILY = "1,2";
				VALIDATE_PRODUCT = YES;
			};
			name = Release;
		};
		713DE4D41E1CDEA600ACAED0 /* Debug */ = {
			isa = XCBuildConfiguration;
			baseConfigurationReference = 70205F93C23D2B5220DA6036 /* Pods-SwordClient.debug.xcconfig */;
			buildSettings = {
				ASSETCATALOG_COMPILER_APPICON_NAME = AppIcon;
				ASSETCATALOG_COMPILER_LAUNCHIMAGE_NAME = LaunchImage;
				CODE_SIGN_ENTITLEMENTS = SwordClient/SwordClient.entitlements;
				CODE_SIGN_IDENTITY = "iPhone Developer: hu longbing (ZBA7D4RHKX)";
				DEVELOPMENT_TEAM = VGN9QRT68D;
				FRAMEWORK_SEARCH_PATHS = (
					"$(inherited)",
					"$(PROJECT_DIR)/TencentQQOpenSDK",
				);
				GCC_PRECOMPILE_PREFIX_HEADER = YES;
				GCC_PREFIX_HEADER = "$(SRCROOT)/SwordClient/PrefixHeader.pch";
				INFOPLIST_FILE = SwordClient/Info.plist;
				IPHONEOS_DEPLOYMENT_TARGET = 7.0;
				LD_RUNPATH_SEARCH_PATHS = "$(inherited) @executable_path/Frameworks";
				LIBRARY_SEARCH_PATHS = (
					"$(inherited)",
					"$(PROJECT_DIR)/SDKs",
					"$(PROJECT_DIR)/OpenSDK1.7.5",
				);
				OTHER_LDFLAGS = (
					"$(inherited)",
					"-ObjC",
					"-l\"AFNetworkActivityLogger\"",
					"-l\"AFNetworking\"",
					"-l\"HexColors\"",
					"-l\"IQKeyboardManager\"",
					"-l\"MBProgressHUD\"",
					"-l\"MJExtension\"",
					"-l\"MJRefresh\"",
					"-l\"Masonry\"",
					"-l\"SDVersion\"",
					"-l\"SDWebImage\"",
					"-l\"SocialQQ\"",
					"-l\"SocialWeChat\"",
					"-l\"WMPageController\"",
					"-l\"WeChatSDK\"",
					"-l\"c++\"",
					"-l\"sqlite3\"",
					"-l\"z\"",
					"-framework",
					"\"CoreGraphics\"",
					"-framework",
					"\"CoreTelephony\"",
					"-framework",
					"\"Foundation\"",
					"-framework",
					"\"ImageIO\"",
					"-framework",
					"\"MobileCoreServices\"",
					"-framework",
					"\"Security\"",
					"-framework",
					"\"SystemConfiguration\"",
					"-framework",
					"\"TencentOpenAPI\"",
					"-framework",
					"\"UIKit\"",
					"-framework",
					"\"UMMobClick\"",
					"-framework",
					"\"UMSocialCore\"",
					"-framework",
					"\"UMSocialNetwork\"",
					"-fobjc-arc",
				);
				PRODUCT_BUNDLE_IDENTIFIER = com.sword.client;
				PRODUCT_NAME = "$(TARGET_NAME)";
				PROVISIONING_PROFILE = "1488de6d-f9ef-48c6-a336-fff0ab4a427a";
				PROVISIONING_PROFILE_SPECIFIER = swordClient;
				TARGETED_DEVICE_FAMILY = 1;
			};
			name = Debug;
		};
		713DE4D51E1CDEA600ACAED0 /* Release */ = {
			isa = XCBuildConfiguration;
			baseConfigurationReference = 4A243E3F48EF0F6755273BC1 /* Pods-SwordClient.release.xcconfig */;
			buildSettings = {
				ASSETCATALOG_COMPILER_APPICON_NAME = AppIcon;
				ASSETCATALOG_COMPILER_LAUNCHIMAGE_NAME = LaunchImage;
				CODE_SIGN_ENTITLEMENTS = SwordClient/SwordClient.entitlements;
				CODE_SIGN_IDENTITY = "iPhone Distribution: hu longbing (VGN9QRT68D)";
				"CODE_SIGN_IDENTITY[sdk=iphoneos*]" = "iPhone Distribution: hu longbing (VGN9QRT68D)";
				DEVELOPMENT_TEAM = VGN9QRT68D;
				FRAMEWORK_SEARCH_PATHS = (
					"$(inherited)",
					"$(PROJECT_DIR)/TencentQQOpenSDK",
				);
				GCC_PRECOMPILE_PREFIX_HEADER = YES;
				GCC_PREFIX_HEADER = "$(SRCROOT)/SwordClient/PrefixHeader.pch";
				INFOPLIST_FILE = SwordClient/Info.plist;
				IPHONEOS_DEPLOYMENT_TARGET = 7.0;
				LD_RUNPATH_SEARCH_PATHS = "$(inherited) @executable_path/Frameworks";
				LIBRARY_SEARCH_PATHS = (
					"$(inherited)",
					"$(PROJECT_DIR)/SDKs",
					"$(PROJECT_DIR)/OpenSDK1.7.5",
				);
				OTHER_LDFLAGS = (
					"$(inherited)",
					"-ObjC",
					"-l\"AFNetworkActivityLogger\"",
					"-l\"AFNetworking\"",
					"-l\"HexColors\"",
					"-l\"IQKeyboardManager\"",
					"-l\"MBProgressHUD\"",
					"-l\"MJExtension\"",
					"-l\"MJRefresh\"",
					"-l\"Masonry\"",
					"-l\"SDVersion\"",
					"-l\"SDWebImage\"",
					"-l\"SocialQQ\"",
					"-l\"SocialWeChat\"",
					"-l\"WMPageController\"",
					"-l\"WeChatSDK\"",
					"-l\"c++\"",
					"-l\"sqlite3\"",
					"-l\"z\"",
					"-framework",
					"\"CoreGraphics\"",
					"-framework",
					"\"CoreTelephony\"",
					"-framework",
					"\"Foundation\"",
					"-framework",
					"\"ImageIO\"",
					"-framework",
					"\"MobileCoreServices\"",
					"-framework",
					"\"Security\"",
					"-framework",
					"\"SystemConfiguration\"",
					"-framework",
					"\"TencentOpenAPI\"",
					"-framework",
					"\"UIKit\"",
					"-framework",
					"\"UMMobClick\"",
					"-framework",
					"\"UMSocialCore\"",
					"-framework",
					"\"UMSocialNetwork\"",
					"-fobjc-arc",
				);
				PRODUCT_BUNDLE_IDENTIFIER = com.sword.client;
				PRODUCT_NAME = "$(TARGET_NAME)";
				PROVISIONING_PROFILE = "d5fc9004-e71d-4654-942a-9687bce0249f";
				PROVISIONING_PROFILE_SPECIFIER = ToAppStore;
				TARGETED_DEVICE_FAMILY = 1;
			};
			name = Release;
		};
/* End XCBuildConfiguration section */

/* Begin XCConfigurationList section */
		713DE4B71E1CDEA600ACAED0 /* Build configuration list for PBXProject "SwordClient" */ = {
			isa = XCConfigurationList;
			buildConfigurations = (
				713DE4D11E1CDEA600ACAED0 /* Debug */,
				713DE4D21E1CDEA600ACAED0 /* Release */,
			);
			defaultConfigurationIsVisible = 0;
			defaultConfigurationName = Release;
		};
		713DE4D31E1CDEA600ACAED0 /* Build configuration list for PBXNativeTarget "SwordClient" */ = {
			isa = XCConfigurationList;
			buildConfigurations = (
				713DE4D41E1CDEA600ACAED0 /* Debug */,
				713DE4D51E1CDEA600ACAED0 /* Release */,
			);
			defaultConfigurationIsVisible = 0;
			defaultConfigurationName = Release;
		};
/* End XCConfigurationList section */
	};
	rootObject = 713DE4B41E1CDEA500ACAED0 /* Project object */;
}
